{
  "requires": true,
  "lockfileVersion": 1,
  "dependencies": {
    "rellax": {
      "version": "1.8.0",
      "resolved": "https://registry.npmjs.org/rellax/-/rellax-1.8.0.tgz",
      "integrity": "sha512-15o13NkG4cxboBVrFYXyYax3Jj7jGQQBVGyzt0raL8+79XUDKxXerJ5UYt5mtda3L4qJPF55j2lz/QTl6PMxxw=="
    }
  }
}
